
Microsoft Visual Studio Solution File, Format Version 12.00
# Visual Studio Version 17
VisualStudioVersion = 17.0.31919.166
MinimumVisualStudioVersion = 10.0.40219.1
Project("{FAE04EC0-301F-11D3-BF4B-00C04F79EFBC}") = "UserApi", "UserApi.csproj", "{3CB8F679-EC2A-4109-87F3-F1AC1C62C217}"
EndProject
Global
	GlobalSection(SolutionConfigurationPlatforms) = preSolution
		Debug|Any CPU = Debug|Any CPU
		Release|Any CPU = Release|Any CPU
	EndGlobalSection
	GlobalSection(ProjectConfigurationPlatforms) = postSolution
		{3CB8F679-EC2A-4109-87F3-F1AC1C62C217}.Debug|Any CPU.ActiveCfg = Debug|Any CPU
		{3CB8F679-EC2A-4109-87F3-F1AC1C62C217}.Debug|Any CPU.Build.0 = Debug|Any CPU
		{3CB8F679-EC2A-4109-87F3-F1AC1C62C217}.Release|Any CPU.ActiveCfg = Release|Any CPU
		{3CB8F679-EC2A-4109-87F3-F1AC1C62C217}.Release|Any CPU.Build.0 = Release|Any CPU
	EndGlobalSection
	GlobalSection(SolutionProperties) = preSolution
		HideSolutionNode = FALSE
	EndGlobalSection
	GlobalSection(ExtensibilityGlobals) = postSolution
		SolutionGuid = {178A20C5-E505-4D92-BE8A-883F9E3E03A6}
	EndGlobalSection
EndGlobal
